
Microsoft Visual Studio Solution File, Format Version 12.00
# Visual Studio Version 17
VisualStudioVersion = 17.3.32811.315
MinimumVisualStudioVersion = 10.0.40219.1
Project("{FAE04EC0-301F-11D3-BF4B-00C04F79EFBC}") = "seepass", "seepass.csproj", "{F1517D57-0600-41FF-A3F6-8560AEE8848B}"
EndProject
Global
	GlobalSection(SolutionConfigurationPlatforms) = preSolution
		Debug|Any CPU = Debug|Any CPU
		Release|Any CPU = Release|Any CPU
	EndGlobalSection
	GlobalSection(ProjectConfigurationPlatforms) = postSolution
		{F1517D57-0600-41FF-A3F6-8560AEE8848B}.Debug|Any CPU.ActiveCfg = Debug|Any CPU
		{F1517D57-0600-41FF-A3F6-8560AEE8848B}.Debug|Any CPU.Build.0 = Debug|Any CPU
		{F1517D57-0600-41FF-A3F6-8560AEE8848B}.Release|Any CPU.ActiveCfg = Release|Any CPU
		{F1517D57-0600-41FF-A3F6-8560AEE8848B}.Release|Any CPU.Build.0 = Release|Any CPU
	EndGlobalSection
	GlobalSection(SolutionProperties) = preSolution
		HideSolutionNode = FALSE
	EndGlobalSection
	GlobalSection(ExtensibilityGlobals) = postSolution
		SolutionGuid = {6E5D61F3-5843-4350-8EB7-5E4D62D06A79}
	EndGlobalSection
EndGlobal
